
Microsoft Visual Studio Solution File, Format Version 12.00
# Visual Studio Version 17
VisualStudioVersion = 17.13.35806.99 d17.13
MinimumVisualStudioVersion = 10.0.40219.1
Project("{FAE04EC0-301F-11D3-BF4B-00C04F79EFBC}") = "COMP3951_BestNote", "COMP3951_BestNote\COMP3951_BestNote.csproj", "{44D05011-DF24-4B1C-8F74-639AB626456E}"
EndProject
Global
	GlobalSection(SolutionConfigurationPlatforms) = preSolution
		Debug|Any CPU = Debug|Any CPU
		Release|Any CPU = Release|Any CPU
	EndGlobalSection
	GlobalSection(ProjectConfigurationPlatforms) = postSolution
		{44D05011-DF24-4B1C-8F74-639AB626456E}.Debug|Any CPU.ActiveCfg = Debug|Any CPU
		{44D05011-DF24-4B1C-8F74-639AB626456E}.Debug|Any CPU.Build.0 = Debug|Any CPU
		{44D05011-DF24-4B1C-8F74-639AB626456E}.Release|Any CPU.ActiveCfg = Release|Any CPU
		{44D05011-DF24-4B1C-8F74-639AB626456E}.Release|Any CPU.Build.0 = Release|Any CPU
	EndGlobalSection
	GlobalSection(SolutionProperties) = preSolution
		HideSolutionNode = FALSE
	EndGlobalSection
	GlobalSection(ExtensibilityGlobals) = postSolution
		SolutionGuid = {8289A3FE-106D-4414-B91B-869AF3202994}
	EndGlobalSection
EndGlobal
